// !$*UTF8*$!
{
	archiveVersion = 1;
	classes = {
	};
	objectVersion = 77;
	objects = {

/* Begin PBXBuildFile section */
		44D3E3DA2D04408200C5EFAF /* GeofenceTrigger in Frameworks */ = {isa = PBXBuildFile; productRef = 44D3E3D92D04408200C5EFAF /* GeofenceTrigger */; };
/* End PBXBuildFile section */

/* Begin PBXContainerItemProxy section */
		44D3E3922D03347000C5EFAF /* PBXContainerItemProxy */ = {
			isa = PBXContainerItemProxy;
			containerPortal = 44D3E3792D03346E00C5EFAF /* Project object */;
			proxyType = 1;
			remoteGlobalIDString = 44D3E3802D03346E00C5EFAF;
			remoteInfo = GeofenceTriggerApp;
		};
		44D3E39C2D03347000C5EFAF /* PBXContainerItemProxy */ = {
			isa = PBXContainerItemProxy;
			containerPortal = 44D3E3792D03346E00C5EFAF /* Project object */;
			proxyType = 1;
			remoteGlobalIDString = 44D3E3802D03346E00C5EFAF;
			remoteInfo = GeofenceTriggerApp;
		};
/* End PBXContainerItemProxy section */

/* Begin PBXFileReference section */
		44D3E3812D03346E00C5EFAF /* GeofenceTriggerApp.app */ = {isa = PBXFileReference; explicitFileType = wrapper.application; includeInIndex = 0; path = GeofenceTriggerApp.app; sourceTree = BUILT_PRODUCTS_DIR; };
		44D3E3912D03347000C5EFAF /* GeofenceTriggerAppTests.xctest */ = {isa = PBXFileReference; explicitFileType = wrapper.cfbundle; includeInIndex = 0; path = GeofenceTriggerAppTests.xctest; sourceTree = BUILT_PRODUCTS_DIR; };
		44D3E39B2D03347000C5EFAF /* GeofenceTriggerAppUITests.xctest */ = {isa = PBXFileReference; explicitFileType = wrapper.cfbundle; includeInIndex = 0; path = GeofenceTriggerAppUITests.xctest; sourceTree = BUILT_PRODUCTS_DIR; };
/* End PBXFileReference section */

/* Begin PBXFileSystemSynchronizedBuildFileExceptionSet section */
		44D3E3D52D03A63C00C5EFAF /* Exceptions for "GeofenceTriggerApp" folder in "GeofenceTriggerApp" target */ = {
			isa = PBXFileSystemSynchronizedBuildFileExceptionSet;
			membershipExceptions = (
				Info.plist,
			);
			target = 44D3E3802D03346E00C5EFAF /* GeofenceTriggerApp */;
		};
/* End PBXFileSystemSynchronizedBuildFileExceptionSet section */

/* Begin PBXFileSystemSynchronizedRootGroup section */
		44D3E3832D03346E00C5EFAF /* GeofenceTriggerApp */ = {
			isa = PBXFileSystemSynchronizedRootGroup;
			exceptions = (
				44D3E3D52D03A63C00C5EFAF /* Exceptions for "GeofenceTriggerApp" folder in "GeofenceTriggerApp" target */,
			);
			path = GeofenceTriggerApp;
			sourceTree = "<group>";
		};
		44D3E3942D03347000C5EFAF /* GeofenceTriggerAppTests */ = {
			isa = PBXFileSystemSynchronizedRootGroup;
			path = GeofenceTriggerAppTests;
			sourceTree = "<group>";
		};
		44D3E39E2D03347000C5EFAF /* GeofenceTriggerAppUITests */ = {
			isa = PBXFileSystemSynchronizedRootGroup;
			path = GeofenceTriggerAppUITests;
			sourceTree = "<group>";
		};
/* End PBXFileSystemSynchronizedRootGroup section */

/* Begin PBXFrameworksBuildPhase section */
		44D3E37E2D03346E00C5EFAF /* Frameworks */ = {
			isa = PBXFrameworksBuildPhase;
			buildActionMask = 2147483647;
			files = (
				44D3E3DA2D04408200C5EFAF /* GeofenceTrigger in Frameworks */,
			);
			runOnlyForDeploymentPostprocessing = 0;
		};
		44D3E38E2D03347000C5EFAF /* Frameworks */ = {
			isa = PBXFrameworksBuildPhase;
			buildActionMask = 2147483647;
			files = (
			);
			runOnlyForDeploymentPostprocessing = 0;
		};
		44D3E3982D03347000C5EFAF /* Frameworks */ = {
			isa = PBXFrameworksBuildPhase;
			buildActionMask = 2147483647;
			files = (
			);
			runOnlyForDeploymentPostprocessing = 0;
		};
/* End PBXFrameworksBuildPhase section */

/* Begin PBXGroup section */
		44D3E3782D03346E00C5EFAF = {
			isa = PBXGroup;
			children = (
				44D3E3832D03346E00C5EFAF /* GeofenceTriggerApp */,
				44D3E3942D03347000C5EFAF /* GeofenceTriggerAppTests */,
				44D3E39E2D03347000C5EFAF /* GeofenceTriggerAppUITests */,
				44D3E3822D03346E00C5EFAF /* Products */,
			);
			sourceTree = "<group>";
		};
		44D3E3822D03346E00C5EFAF /* Products */ = {
			isa = PBXGroup;
			children = (
				44D3E3812D03346E00C5EFAF /* GeofenceTriggerApp.app */,
				44D3E3912D03347000C5EFAF /* GeofenceTriggerAppTests.xctest */,
				44D3E39B2D03347000C5EFAF /* GeofenceTriggerAppUITests.xctest */,
			);
			name = Products;
			sourceTree = "<group>";
		};
/* End PBXGroup section */

/* Begin PBXNativeTarget section */
		44D3E3802D03346E00C5EFAF /* GeofenceTriggerApp */ = {
			isa = PBXNativeTarget;
			buildConfigurationList = 44D3E3A52D03347000C5EFAF /* Build configuration list for PBXNativeTarget "GeofenceTriggerApp" */;
			buildPhases = (
				44D3E37D2D03346E00C5EFAF /* Sources */,
				44D3E37E2D03346E00C5EFAF /* Frameworks */,
				44D3E37F2D03346E00C5EFAF /* Resources */,
			);
			buildRules = (
			);
			dependencies = (
			);
			fileSystemSynchronizedGroups = (
				44D3E3832D03346E00C5EFAF /* GeofenceTriggerApp */,
			);
			name = GeofenceTriggerApp;
			packageProductDependencies = (
				44D3E3D92D04408200C5EFAF /* GeofenceTrigger */,
			);
			productName = GeofenceTriggerApp;
			productReference = 44D3E3812D03346E00C5EFAF /* GeofenceTriggerApp.app */;
			productType = "com.apple.product-type.application";
		};
		44D3E3902D03347000C5EFAF /* GeofenceTriggerAppTests */ = {
			isa = PBXNativeTarget;
			buildConfigurationList = 44D3E3A82D03347000C5EFAF /* Build configuration list for PBXNativeTarget "GeofenceTriggerAppTests" */;
			buildPhases = (
				44D3E38D2D03347000C5EFAF /* Sources */,
				44D3E38E2D03347000C5EFAF /* Frameworks */,
				44D3E38F2D03347000C5EFAF /* Resources */,
			);
			buildRules = (
			);
			dependencies = (
				44D3E3932D03347000C5EFAF /* PBXTargetDependency */,
			);
			fileSystemSynchronizedGroups = (
				44D3E3942D03347000C5EFAF /* GeofenceTriggerAppTests */,
			);
			name = GeofenceTriggerAppTests;
			packageProductDependencies = (
			);
			productName = GeofenceTriggerAppTests;
			productReference = 44D3E3912D03347000C5EFAF /* GeofenceTriggerAppTests.xctest */;
			productType = "com.apple.product-type.bundle.unit-test";
		};
		44D3E39A2D03347000C5EFAF /* GeofenceTriggerAppUITests */ = {
			isa = PBXNativeTarget;
			buildConfigurationList = 44D3E3AB2D03347000C5EFAF /* Build configuration list for PBXNativeTarget "GeofenceTriggerAppUITests" */;
			buildPhases = (
				44D3E3972D03347000C5EFAF /* Sources */,
				44D3E3982D03347000C5EFAF /* Frameworks */,
				44D3E3992D03347000C5EFAF /* Resources */,
			);
			buildRules = (
			);
			dependencies = (
				44D3E39D2D03347000C5EFAF /* PBXTargetDependency */,
			);
			fileSystemSynchronizedGroups = (
				44D3E39E2D03347000C5EFAF /* GeofenceTriggerAppUITests */,
			);
			name = GeofenceTriggerAppUITests;
			packageProductDependencies = (
			);
			productName = GeofenceTriggerAppUITests;
			productReference = 44D3E39B2D03347000C5EFAF /* GeofenceTriggerAppUITests.xctest */;
			productType = "com.apple.product-type.bundle.ui-testing";
		};
/* End PBXNativeTarget section */

/* Begin PBXProject section */
		44D3E3792D03346E00C5EFAF /* Project object */ = {
			isa = PBXProject;
			attributes = {
				BuildIndependentTargetsInParallel = 1;
				LastSwiftUpdateCheck = 1610;
				LastUpgradeCheck = 1610;
				TargetAttributes = {
					44D3E3802D03346E00C5EFAF = {
						CreatedOnToolsVersion = 16.1;
					};
					44D3E3902D03347000C5EFAF = {
						CreatedOnToolsVersion = 16.1;
						TestTargetID = 44D3E3802D03346E00C5EFAF;
					};
					44D3E39A2D03347000C5EFAF = {
						CreatedOnToolsVersion = 16.1;
						TestTargetID = 44D3E3802D03346E00C5EFAF;
					};
				};
			};
			buildConfigurationList = 44D3E37C2D03346E00C5EFAF /* Build configuration list for PBXProject "GeofenceTriggerApp" */;
			developmentRegion = en;
			hasScannedForEncodings = 0;
			knownRegions = (
				en,
				Base,
			);
			mainGroup = 44D3E3782D03346E00C5EFAF;
			minimizedProjectReferenceProxies = 1;
			packageReferences = (
				44D3E3D82D04408200C5EFAF /* XCRemoteSwiftPackageReference "geofence-trigger" */,
			);
			preferredProjectObjectVersion = 77;
			productRefGroup = 44D3E3822D03346E00C5EFAF /* Products */;
			projectDirPath = "";
			projectRoot = "";
			targets = (
				44D3E3802D03346E00C5EFAF /* GeofenceTriggerApp */,
				44D3E3902D03347000C5EFAF /* GeofenceTriggerAppTests */,
				44D3E39A2D03347000C5EFAF /* GeofenceTriggerAppUITests */,
			);
		};
/* End PBXProject section */

/* Begin PBXResourcesBuildPhase section */
		44D3E37F2D03346E00C5EFAF /* Resources */ = {
			isa = PBXResourcesBuildPhase;
			buildActionMask = 2147483647;
			files = (
			);
			runOnlyForDeploymentPostprocessing = 0;
		};
		44D3E38F2D03347000C5EFAF /* Resources */ = {
			isa = PBXResourcesBuildPhase;
			buildActionMask = 2147483647;
			files = (
			);
			runOnlyForDeploymentPostprocessing = 0;
		};
		44D3E3992D03347000C5EFAF /* Resources */ = {
			isa = PBXResourcesBuildPhase;
			buildActionMask = 2147483647;
			files = (
			);
			runOnlyForDeploymentPostprocessing = 0;
		};
/* End PBXResourcesBuildPhase section */

/* Begin PBXSourcesBuildPhase section */
		44D3E37D2D03346E00C5EFAF /* Sources */ = {
			isa = PBXSourcesBuildPhase;
			buildActionMask = 2147483647;
			files = (
			);
			runOnlyForDeploymentPostprocessing = 0;
		};
		44D3E38D2D03347000C5EFAF /* Sources */ = {
			isa = PBXSourcesBuildPhase;
			buildActionMask = 2147483647;
			files = (
			);
			runOnlyForDeploymentPostprocessing = 0;
		};
		44D3E3972D03347000C5EFAF /* Sources */ = {
			isa = PBXSourcesBuildPhase;
			buildActionMask = 2147483647;
			files = (
			);
			runOnlyForDeploymentPostprocessing = 0;
		};
/* End PBXSourcesBuildPhase section */

/* Begin PBXTargetDependency section */
		44D3E3932D03347000C5EFAF /* PBXTargetDependency */ = {
			isa = PBXTargetDependency;
			target = 44D3E3802D03346E00C5EFAF /* GeofenceTriggerApp */;
			targetProxy = 44D3E3922D03347000C5EFAF /* PBXContainerItemProxy */;
		};
		44D3E39D2D03347000C5EFAF /* PBXTargetDependency */ = {
			isa = PBXTargetDependency;
			target = 44D3E3802D03346E00C5EFAF /* GeofenceTriggerApp */;
			targetProxy = 44D3E39C2D03347000C5EFAF /* PBXContainerItemProxy */;
		};
/* End PBXTargetDependency section */

/* Begin XCBuildConfiguration section */
		44D3E3A32D03347000C5EFAF /* Debug */ = {
			isa = XCBuildConfiguration;
			buildSettings = {
				ALWAYS_SEARCH_USER_PATHS = NO;
				ASSETCATALOG_COMPILER_GENERATE_SWIFT_ASSET_SYMBOL_EXTENSIONS = YES;
				CLANG_ANALYZER_NONNULL = YES;
				CLANG_ANALYZER_NUMBER_OBJECT_CONVERSION = YES_AGGRESSIVE;
				CLANG_CXX_LANGUAGE_STANDARD = "gnu++20";
				CLANG_ENABLE_MODULES = YES;
				CLANG_ENABLE_OBJC_ARC = YES;
				CLANG_ENABLE_OBJC_WEAK = YES;
				CLANG_WARN_BLOCK_CAPTURE_AUTORELEASING = YES;
				CLANG_WARN_BOOL_CONVERSION = YES;
				CLANG_WARN_COMMA = YES;
				CLANG_WARN_CONSTANT_CONVERSION = YES;
				CLANG_WARN_DEPRECATED_OBJC_IMPLEMENTATIONS = YES;
				CLANG_WARN_DIRECT_OBJC_ISA_USAGE = YES_ERROR;
				CLANG_WARN_DOCUMENTATION_COMMENTS = YES;
				CLANG_WARN_EMPTY_BODY = YES;
				CLANG_WARN_ENUM_CONVERSION = YES;
				CLANG_WARN_INFINITE_RECURSION = YES;
				CLANG_WARN_INT_CONVERSION = YES;
				CLANG_WARN_NON_LITERAL_NULL_CONVERSION = YES;
				CLANG_WARN_OBJC_IMPLICIT_RETAIN_SELF = YES;
				CLANG_WARN_OBJC_LITERAL_CONVERSION = YES;
				CLANG_WARN_OBJC_ROOT_CLASS = YES_ERROR;
				CLANG_WARN_QUOTED_INCLUDE_IN_FRAMEWORK_HEADER = YES;
				CLANG_WARN_RANGE_LOOP_ANALYSIS = YES;
				CLANG_WARN_STRICT_PROTOTYPES = YES;
				CLANG_WARN_SUSPICIOUS_MOVE = YES;
				CLANG_WARN_UNGUARDED_AVAILABILITY = YES_AGGRESSIVE;
				CLANG_WARN_UNREACHABLE_CODE = YES;
				CLANG_WARN__DUPLICATE_METHOD_MATCH = YES;
				COPY_PHASE_STRIP = NO;
				DEBUG_INFORMATION_FORMAT = dwarf;
				ENABLE_STRICT_OBJC_MSGSEND = YES;
				ENABLE_TESTABILITY = YES;
				ENABLE_USER_SCRIPT_SANDBOXING = YES;
				GCC_C_LANGUAGE_STANDARD = gnu17;
				GCC_DYNAMIC_NO_PIC = NO;
				GCC_NO_COMMON_BLOCKS = YES;
				GCC_OPTIMIZATION_LEVEL = 0;
				GCC_PREPROCESSOR_DEFINITIONS = (
					"DEBUG=1",
					"$(inherited)",
				);
				GCC_WARN_64_TO_32_BIT_CONVERSION = YES;
				GCC_WARN_ABOUT_RETURN_TYPE = YES_ERROR;
				GCC_WARN_UNDECLARED_SELECTOR = YES;
				GCC_WARN_UNINITIALIZED_AUTOS = YES_AGGRESSIVE;
				GCC_WARN_UNUSED_FUNCTION = YES;
				GCC_WARN_UNUSED_VARIABLE = YES;
				IPHONEOS_DEPLOYMENT_TARGET = 18.1;
				LOCALIZATION_PREFERS_STRING_CATALOGS = YES;
				MTL_ENABLE_DEBUG_INFO = INCLUDE_SOURCE;
				MTL_FAST_MATH = YES;
				ONLY_ACTIVE_ARCH = YES;
				SDKROOT = iphoneos;
				SWIFT_ACTIVE_COMPILATION_CONDITIONS = "DEBUG $(inherited)";
				SWIFT_OPTIMIZATION_LEVEL = "-Onone";
			};
			name = Debug;
		};
		44D3E3A42D03347000C5EFAF /* Release */ = {
			isa = XCBuildConfiguration;
			buildSettings = {
				ALWAYS_SEARCH_USER_PATHS = NO;
				ASSETCATALOG_COMPILER_GENERATE_SWIFT_ASSET_SYMBOL_EXTENSIONS = YES;
				CLANG_ANALYZER_NONNULL = YES;
				CLANG_ANALYZER_NUMBER_OBJECT_CONVERSION = YES_AGGRESSIVE;
				CLANG_CXX_LANGUAGE_STANDARD = "gnu++20";
				CLANG_ENABLE_MODULES = YES;
				CLANG_ENABLE_OBJC_ARC = YES;
				CLANG_ENABLE_OBJC_WEAK = YES;
				CLANG_WARN_BLOCK_CAPTURE_AUTORELEASING = YES;
				CLANG_WARN_BOOL_CONVERSION = YES;
				CLANG_WARN_COMMA = YES;
				CLANG_WARN_CONSTANT_CONVERSION = YES;
				CLANG_WARN_DEPRECATED_OBJC_IMPLEMENTATIONS = YES;
				CLANG_WARN_DIRECT_OBJC_ISA_USAGE = YES_ERROR;
				CLANG_WARN_DOCUMENTATION_COMMENTS = YES;
				CLANG_WARN_EMPTY_BODY = YES;
				CLANG_WARN_ENUM_CONVERSION = YES;
				CLANG_WARN_INFINITE_RECURSION = YES;
				CLANG_WARN_INT_CONVERSION = YES;
				CLANG_WARN_NON_LITERAL_NULL_CONVERSION = YES;
				CLANG_WARN_OBJC_IMPLICIT_RETAIN_SELF = YES;
				CLANG_WARN_OBJC_LITERAL_CONVERSION = YES;
				CLANG_WARN_OBJC_ROOT_CLASS = YES_ERROR;
				CLANG_WARN_QUOTED_INCLUDE_IN_FRAMEWORK_HEADER = YES;
				CLANG_WARN_RANGE_LOOP_ANALYSIS = YES;
				CLANG_WARN_STRICT_PROTOTYPES = YES;
				CLANG_WARN_SUSPICIOUS_MOVE = YES;
				CLANG_WARN_UNGUARDED_AVAILABILITY = YES_AGGRESSIVE;
				CLANG_WARN_UNREACHABLE_CODE = YES;
				CLANG_WARN__DUPLICATE_METHOD_MATCH = YES;
				COPY_PHASE_STRIP = NO;
				DEBUG_INFORMATION_FORMAT = "dwarf-with-dsym";
				ENABLE_NS_ASSERTIONS = NO;
				ENABLE_STRICT_OBJC_MSGSEND = YES;
				ENABLE_USER_SCRIPT_SANDBOXING = YES;
				GCC_C_LANGUAGE_STANDARD = gnu17;
				GCC_NO_COMMON_BLOCKS = YES;
				GCC_WARN_64_TO_32_BIT_CONVERSION = YES;
				GCC_WARN_ABOUT_RETURN_TYPE = YES_ERROR;
				GCC_WARN_UNDECLARED_SELECTOR = YES;
				GCC_WARN_UNINITIALIZED_AUTOS = YES_AGGRESSIVE;
				GCC_WARN_UNUSED_FUNCTION = YES;
				GCC_WARN_UNUSED_VARIABLE = YES;
				IPHONEOS_DEPLOYMENT_TARGET = 18.1;
				LOCALIZATION_PREFERS_STRING_CATALOGS = YES;
				MTL_ENABLE_DEBUG_INFO = NO;
				MTL_FAST_MATH = YES;
				SDKROOT = iphoneos;
				SWIFT_COMPILATION_MODE = wholemodule;
				VALIDATE_PRODUCT = YES;
			};
			name = Release;
		};
		44D3E3A62D03347000C5EFAF /* Debug */ = {
			isa = XCBuildConfiguration;
			buildSettings = {
				ASSETCATALOG_COMPILER_APPICON_NAME = AppIcon;
				ASSETCATALOG_COMPILER_GLOBAL_ACCENT_COLOR_NAME = AccentColor;
				CODE_SIGN_STYLE = Manual;
				CURRENT_PROJECT_VERSION = 1;
				DEVELOPMENT_ASSET_PATHS = "\"GeofenceTriggerApp/Preview Content\"";
				DEVELOPMENT_TEAM = "";
				ENABLE_PREVIEWS = YES;
				GENERATE_INFOPLIST_FILE = YES;
				INFOPLIST_FILE = GeofenceTriggerApp/Info.plist;
				INFOPLIST_KEY_LSApplicationCategoryType = "";
				INFOPLIST_KEY_NSLocationAlwaysAndWhenInUseUsageDescription = "The app needs access to your location to provide location-based services.";
				INFOPLIST_KEY_NSLocationAlwaysUsageDescription = "Permission is required to track location changes.";
				INFOPLIST_KEY_NSLocationWhenInUseUsageDescription = "You need to give permission to track your location.";
				INFOPLIST_KEY_UIApplicationSceneManifest_Generation = YES;
				INFOPLIST_KEY_UIApplicationSupportsIndirectInputEvents = YES;
				INFOPLIST_KEY_UILaunchScreen_Generation = YES;
				INFOPLIST_KEY_UISupportedInterfaceOrientations_iPad = "UIInterfaceOrientationPortrait UIInterfaceOrientationPortraitUpsideDown UIInterfaceOrientationLandscapeLeft UIInterfaceOrientationLandscapeRight";
				INFOPLIST_KEY_UISupportedInterfaceOrientations_iPhone = "UIInterfaceOrientationPortrait UIInterfaceOrientationLandscapeLeft UIInterfaceOrientationLandscapeRight";
				IPHONEOS_DEPLOYMENT_TARGET = 16;
				LD_RUNPATH_SEARCH_PATHS = (
					"$(inherited)",
					"@executable_path/Frameworks",
				);
				MARKETING_VERSION = 1.0;
				PRODUCT_BUNDLE_IDENTIFIER = com.ub.geofenceapp.GeofenceTriggerApp;
				PRODUCT_NAME = "$(TARGET_NAME)";
				PROVISIONING_PROFILE_SPECIFIER = "";
				SWIFT_EMIT_LOC_STRINGS = YES;
				SWIFT_VERSION = 5.0;
				TARGETED_DEVICE_FAMILY = "1,2";
			};
			name = Debug;
		};
		44D3E3A72D03347000C5EFAF /* Release */ = {
			isa = XCBuildConfiguration;
			buildSettings = {
				ASSETCATALOG_COMPILER_APPICON_NAME = AppIcon;
				ASSETCATALOG_COMPILER_GLOBAL_ACCENT_COLOR_NAME = AccentColor;
				CODE_SIGN_STYLE = Manual;
				CURRENT_PROJECT_VERSION = 1;
				DEVELOPMENT_ASSET_PATHS = "\"GeofenceTriggerApp/Preview Content\"";
				DEVELOPMENT_TEAM = "";
				ENABLE_PREVIEWS = YES;
				GENERATE_INFOPLIST_FILE = YES;
				INFOPLIST_FILE = GeofenceTriggerApp/Info.plist;
				INFOPLIST_KEY_LSApplicationCategoryType = "";
				INFOPLIST_KEY_NSLocationAlwaysAndWhenInUseUsageDescription = "The app needs access to your location to provide location-based services.";
				INFOPLIST_KEY_NSLocationAlwaysUsageDescription = "Permission is required to track location changes.";
				INFOPLIST_KEY_NSLocationWhenInUseUsageDescription = "You need to give permission to track your location.";
				INFOPLIST_KEY_UIApplicationSceneManifest_Generation = YES;
				INFOPLIST_KEY_UIApplicationSupportsIndirectInputEvents = YES;
				INFOPLIST_KEY_UILaunchScreen_Generation = YES;
				INFOPLIST_KEY_UISupportedInterfaceOrientations_iPad = "UIInterfaceOrientationPortrait UIInterfaceOrientationPortraitUpsideDown UIInterfaceOrientationLandscapeLeft UIInterfaceOrientationLandscapeRight";
				INFOPLIST_KEY_UISupportedInterfaceOrientations_iPhone = "UIInterfaceOrientationPortrait UIInterfaceOrientationLandscapeLeft UIInterfaceOrientationLandscapeRight";
				IPHONEOS_DEPLOYMENT_TARGET = 16;
				LD_RUNPATH_SEARCH_PATHS = (
					"$(inherited)",
					"@executable_path/Frameworks",
				);
				MARKETING_VERSION = 1.0;
				PRODUCT_BUNDLE_IDENTIFIER = com.ub.geofenceapp.GeofenceTriggerApp;
				PRODUCT_NAME = "$(TARGET_NAME)";
				PROVISIONING_PROFILE_SPECIFIER = "";
				SWIFT_EMIT_LOC_STRINGS = YES;
				SWIFT_VERSION = 5.0;
				TARGETED_DEVICE_FAMILY = "1,2";
			};
			name = Release;
		};
		44D3E3A92D03347000C5EFAF /* Debug */ = {
			isa = XCBuildConfiguration;
			buildSettings = {
				BUNDLE_LOADER = "$(TEST_HOST)";
				CODE_SIGN_STYLE = Automatic;
				CURRENT_PROJECT_VERSION = 1;
				GENERATE_INFOPLIST_FILE = YES;
				IPHONEOS_DEPLOYMENT_TARGET = 18.1;
				MARKETING_VERSION = 1.0;
				PRODUCT_BUNDLE_IDENTIFIER = com.ub.geofenceapp.GeofenceTriggerAppTests;
				PRODUCT_NAME = "$(TARGET_NAME)";
				SWIFT_EMIT_LOC_STRINGS = NO;
				SWIFT_VERSION = 5.0;
				TARGETED_DEVICE_FAMILY = "1,2";
				TEST_HOST = "$(BUILT_PRODUCTS_DIR)/GeofenceTriggerApp.app/$(BUNDLE_EXECUTABLE_FOLDER_PATH)/GeofenceTriggerApp";
			};
			name = Debug;
		};
		44D3E3AA2D03347000C5EFAF /* Release */ = {
			isa = XCBuildConfiguration;
			buildSettings = {
				BUNDLE_LOADER = "$(TEST_HOST)";
				CODE_SIGN_STYLE = Automatic;
				CURRENT_PROJECT_VERSION = 1;
				GENERATE_INFOPLIST_FILE = YES;
				IPHONEOS_DEPLOYMENT_TARGET = 18.1;
				MARKETING_VERSION = 1.0;
				PRODUCT_BUNDLE_IDENTIFIER = com.ub.geofenceapp.GeofenceTriggerAppTests;
				PRODUCT_NAME = "$(TARGET_NAME)";
				SWIFT_EMIT_LOC_STRINGS = NO;
				SWIFT_VERSION = 5.0;
				TARGETED_DEVICE_FAMILY = "1,2";
				TEST_HOST = "$(BUILT_PRODUCTS_DIR)/GeofenceTriggerApp.app/$(BUNDLE_EXECUTABLE_FOLDER_PATH)/GeofenceTriggerApp";
			};
			name = Release;
		};
		44D3E3AC2D03347000C5EFAF /* Debug */ = {
			isa = XCBuildConfiguration;
			buildSettings = {
				CODE_SIGN_STYLE = Automatic;
				CURRENT_PROJECT_VERSION = 1;
				GENERATE_INFOPLIST_FILE = YES;
				MARKETING_VERSION = 1.0;
				PRODUCT_BUNDLE_IDENTIFIER = com.ub.geofenceapp.GeofenceTriggerAppUITests;
				PRODUCT_NAME = "$(TARGET_NAME)";
				SWIFT_EMIT_LOC_STRINGS = NO;
				SWIFT_VERSION = 5.0;
				TARGETED_DEVICE_FAMILY = "1,2";
				TEST_TARGET_NAME = GeofenceTriggerApp;
			};
			name = Debug;
		};
		44D3E3AD2D03347000C5EFAF /* Release */ = {
			isa = XCBuildConfiguration;
			buildSettings = {
				CODE_SIGN_STYLE = Automatic;
				CURRENT_PROJECT_VERSION = 1;
				GENERATE_INFOPLIST_FILE = YES;
				MARKETING_VERSION = 1.0;
				PRODUCT_BUNDLE_IDENTIFIER = com.ub.geofenceapp.GeofenceTriggerAppUITests;
				PRODUCT_NAME = "$(TARGET_NAME)";
				SWIFT_EMIT_LOC_STRINGS = NO;
				SWIFT_VERSION = 5.0;
				TARGETED_DEVICE_FAMILY = "1,2";
				TEST_TARGET_NAME = GeofenceTriggerApp;
			};
			name = Release;
		};
/* End XCBuildConfiguration section */

/* Begin XCConfigurationList section */
		44D3E37C2D03346E00C5EFAF /* Build configuration list for PBXProject "GeofenceTriggerApp" */ = {
			isa = XCConfigurationList;
			buildConfigurations = (
				44D3E3A32D03347000C5EFAF /* Debug */,
				44D3E3A42D03347000C5EFAF /* Release */,
			);
			defaultConfigurationIsVisible = 0;
			defaultConfigurationName = Release;
		};
		44D3E3A52D03347000C5EFAF /* Build configuration list for PBXNativeTarget "GeofenceTriggerApp" */ = {
			isa = XCConfigurationList;
			buildConfigurations = (
				44D3E3A62D03347000C5EFAF /* Debug */,
				44D3E3A72D03347000C5EFAF /* Release */,
			);
			defaultConfigurationIsVisible = 0;
			defaultConfigurationName = Release;
		};
		44D3E3A82D03347000C5EFAF /* Build configuration list for PBXNativeTarget "GeofenceTriggerAppTests" */ = {
			isa = XCConfigurationList;
			buildConfigurations = (
				44D3E3A92D03347000C5EFAF /* Debug */,
				44D3E3AA2D03347000C5EFAF /* Release */,
			);
			defaultConfigurationIsVisible = 0;
			defaultConfigurationName = Release;
		};
		44D3E3AB2D03347000C5EFAF /* Build configuration list for PBXNativeTarget "GeofenceTriggerAppUITests" */ = {
			isa = XCConfigurationList;
			buildConfigurations = (
				44D3E3AC2D03347000C5EFAF /* Debug */,
				44D3E3AD2D03347000C5EFAF /* Release */,
			);
			defaultConfigurationIsVisible = 0;
			defaultConfigurationName = Release;
		};
/* End XCConfigurationList section */

/* Begin XCRemoteSwiftPackageReference section */
		44D3E3D82D04408200C5EFAF /* XCRemoteSwiftPackageReference "geofence-trigger" */ = {
			isa = XCRemoteSwiftPackageReference;
			repositoryURL = "https://github.com/umutboz/geofence-trigger";
			requirement = {
				branch = main;
				kind = branch;
			};
		};
/* End XCRemoteSwiftPackageReference section */

/* Begin XCSwiftPackageProductDependency section */
		44D3E3D92D04408200C5EFAF /* GeofenceTrigger */ = {
			isa = XCSwiftPackageProductDependency;
			package = 44D3E3D82D04408200C5EFAF /* XCRemoteSwiftPackageReference "geofence-trigger" */;
			productName = GeofenceTrigger;
		};
/* End XCSwiftPackageProductDependency section */
	};
	rootObject = 44D3E3792D03346E00C5EFAF /* Project object */;
}
